// !$*UTF8*$!
{
	archiveVersion = 1;
	classes = {
	};
	objectVersion = 48;
	objects = {

/* Begin PBXBuildFile section */
		AE4C806B1FD056A00098C159 /* DAPageIndicatorView.m in Sources */ = {isa = PBXBuildFile; fileRef = AE4C80671FD056A00098C159 /* DAPageIndicatorView.m */; };
		AE4C806C1FD056A00098C159 /* DAPagesContainerTopBar.m in Sources */ = {isa = PBXBuildFile; fileRef = AE4C80681FD056A00098C159 /* DAPagesContainerTopBar.m */; };
		AE4C806D1FD056A00098C159 /* DAPagesContainer.m in Sources */ = {isa = PBXBuildFile; fileRef = AE4C80691FD056A00098C159 /* DAPagesContainer.m */; };
		AEEFD2681FC9CC24005DCF68 /* AppDelegate.m in Sources */ = {isa = PBXBuildFile; fileRef = AEEFD2671FC9CC24005DCF68 /* AppDelegate.m */; };
		AEEFD26B1FC9CC24005DCF68 /* MainViewController.m in Sources */ = {isa = PBXBuildFile; fileRef = AEEFD26A1FC9CC24005DCF68 /* MainViewController.m */; };
		AEEFD26E1FC9CC24005DCF68 /* Main.storyboard in Resources */ = {isa = PBXBuildFile; fileRef = AEEFD26C1FC9CC24005DCF68 /* Main.storyboard */; };
		AEEFD2701FC9CC24005DCF68 /* Assets.xcassets in Resources */ = {isa = PBXBuildFile; fileRef = AEEFD26F1FC9CC24005DCF68 /* Assets.xcassets */; };
		AEEFD2731FC9CC24005DCF68 /* LaunchScreen.storyboard in Resources */ = {isa = PBXBuildFile; fileRef = AEEFD2711FC9CC24005DCF68 /* LaunchScreen.storyboard */; };
		AEEFD2761FC9CC24005DCF68 /* main.m in Sources */ = {isa = PBXBuildFile; fileRef = AEEFD2751FC9CC24005DCF68 /* main.m */; };
		AEEFD27F1FC9D094005DCF68 /* SecondViewController.m in Sources */ = {isa = PBXBuildFile; fileRef = AEEFD27D1FC9D094005DCF68 /* SecondViewController.m */; };
		AEEFD2801FC9D094005DCF68 /* SecondViewController.xib in Resources */ = {isa = PBXBuildFile; fileRef = AEEFD27E1FC9D094005DCF68 /* SecondViewController.xib */; };
		AEEFD29F1FCA8453005DCF68 /* UIViewController+XLSlideMenu.m in Sources */ = {isa = PBXBuildFile; fileRef = AEEFD29C1FCA8453005DCF68 /* UIViewController+XLSlideMenu.m */; };
		AEEFD2A01FCA8453005DCF68 /* XLSlideMenu.m in Sources */ = {isa = PBXBuildFile; fileRef = AEEFD29E1FCA8453005DCF68 /* XLSlideMenu.m */; };
		AEEFD2A71FCA881D005DCF68 /* LeftMenuController.m in Sources */ = {isa = PBXBuildFile; fileRef = AEEFD2A31FCA881D005DCF68 /* LeftMenuController.m */; };
		AEEFD2A81FCA881D005DCF68 /* RightViewController.m in Sources */ = {isa = PBXBuildFile; fileRef = AEEFD2A41FCA881D005DCF68 /* RightViewController.m */; };
/* End PBXBuildFile section */

/* Begin PBXFileReference section */
		AE4C80651FD056A00098C159 /* DAPagesContainer.h */ = {isa = PBXFileReference; fileEncoding = 4; lastKnownFileType = sourcecode.c.h; path = DAPagesContainer.h; sourceTree = "<group>"; };
		AE4C80661FD056A00098C159 /* DAPageIndicatorView.h */ = {isa = PBXFileReference; fileEncoding = 4; lastKnownFileType = sourcecode.c.h; path = DAPageIndicatorView.h; sourceTree = "<group>"; };
		AE4C80671FD056A00098C159 /* DAPageIndicatorView.m */ = {isa = PBXFileReference; fileEncoding = 4; lastKnownFileType = sourcecode.c.objc; path = DAPageIndicatorView.m; sourceTree = "<group>"; };
		AE4C80681FD056A00098C159 /* DAPagesContainerTopBar.m */ = {isa = PBXFileReference; fileEncoding = 4; lastKnownFileType = sourcecode.c.objc; path = DAPagesContainerTopBar.m; sourceTree = "<group>"; };
		AE4C80691FD056A00098C159 /* DAPagesContainer.m */ = {isa = PBXFileReference; fileEncoding = 4; lastKnownFileType = sourcecode.c.objc; path = DAPagesContainer.m; sourceTree = "<group>"; };
		AE4C806A1FD056A00098C159 /* DAPagesContainerTopBar.h */ = {isa = PBXFileReference; fileEncoding = 4; lastKnownFileType = sourcecode.c.h; path = DAPagesContainerTopBar.h; sourceTree = "<group>"; };
		AE4C806F1FD05D6D0098C159 /* UI_Constants.h */ = {isa = PBXFileReference; lastKnownFileType = sourcecode.c.h; path = UI_Constants.h; sourceTree = "<group>"; };
		AEEFD2631FC9CC24005DCF68 /* STGeneralAppTemplate.app */ = {isa = PBXFileReference; explicitFileType = wrapper.application; includeInIndex = 0; path = STGeneralAppTemplate.app; sourceTree = BUILT_PRODUCTS_DIR; };
		AEEFD2661FC9CC24005DCF68 /* AppDelegate.h */ = {isa = PBXFileReference; lastKnownFileType = sourcecode.c.h; path = AppDelegate.h; sourceTree = "<group>"; };
		AEEFD2671FC9CC24005DCF68 /* AppDelegate.m */ = {isa = PBXFileReference; lastKnownFileType = sourcecode.c.objc; path = AppDelegate.m; sourceTree = "<group>"; };
		AEEFD2691FC9CC24005DCF68 /* MainViewController.h */ = {isa = PBXFileReference; lastKnownFileType = sourcecode.c.h; path = MainViewController.h; sourceTree = "<group>"; };
		AEEFD26A1FC9CC24005DCF68 /* MainViewController.m */ = {isa = PBXFileReference; lastKnownFileType = sourcecode.c.objc; path = MainViewController.m; sourceTree = "<group>"; };
		AEEFD26D1FC9CC24005DCF68 /* Base */ = {isa = PBXFileReference; lastKnownFileType = file.storyboard; name = Base; path = Base.lproj/Main.storyboard; sourceTree = "<group>"; };
		AEEFD26F1FC9CC24005DCF68 /* Assets.xcassets */ = {isa = PBXFileReference; lastKnownFileType = folder.assetcatalog; path = Assets.xcassets; sourceTree = "<group>"; };
		AEEFD2721FC9CC24005DCF68 /* Base */ = {isa = PBXFileReference; lastKnownFileType = file.storyboard; name = Base; path = Base.lproj/LaunchScreen.storyboard; sourceTree = "<group>"; };
		AEEFD2741FC9CC24005DCF68 /* Info.plist */ = {isa = PBXFileReference; lastKnownFileType = text.plist.xml; path = Info.plist; sourceTree = "<group>"; };
		AEEFD2751FC9CC24005DCF68 /* main.m */ = {isa = PBXFileReference; lastKnownFileType = sourcecode.c.objc; path = main.m; sourceTree = "<group>"; };
		AEEFD27C1FC9D094005DCF68 /* SecondViewController.h */ = {isa = PBXFileReference; lastKnownFileType = sourcecode.c.h; path = SecondViewController.h; sourceTree = "<group>"; };
		AEEFD27D1FC9D094005DCF68 /* SecondViewController.m */ = {isa = PBXFileReference; lastKnownFileType = sourcecode.c.objc; path = SecondViewController.m; sourceTree = "<group>"; };
		AEEFD27E1FC9D094005DCF68 /* SecondViewController.xib */ = {isa = PBXFileReference; lastKnownFileType = file.xib; path = SecondViewController.xib; sourceTree = "<group>"; };
		AEEFD29B1FCA8453005DCF68 /* UIViewController+XLSlideMenu.h */ = {isa = PBXFileReference; fileEncoding = 4; lastKnownFileType = sourcecode.c.h; path = "UIViewController+XLSlideMenu.h"; sourceTree = "<group>"; };
		AEEFD29C1FCA8453005DCF68 /* UIViewController+XLSlideMenu.m */ = {isa = PBXFileReference; fileEncoding = 4; lastKnownFileType = sourcecode.c.objc; path = "UIViewController+XLSlideMenu.m"; sourceTree = "<group>"; };
		AEEFD29D1FCA8453005DCF68 /* XLSlideMenu.h */ = {isa = PBXFileReference; fileEncoding = 4; lastKnownFileType = sourcecode.c.h; path = XLSlideMenu.h; sourceTree = "<group>"; };
		AEEFD29E1FCA8453005DCF68 /* XLSlideMenu.m */ = {isa = PBXFileReference; fileEncoding = 4; lastKnownFileType = sourcecode.c.objc; path = XLSlideMenu.m; sourceTree = "<group>"; };
		AEEFD2A31FCA881D005DCF68 /* LeftMenuController.m */ = {isa = PBXFileReference; fileEncoding = 4; lastKnownFileType = sourcecode.c.objc; path = LeftMenuController.m; sourceTree = "<group>"; };
		AEEFD2A41FCA881D005DCF68 /* RightViewController.m */ = {isa = PBXFileReference; fileEncoding = 4; lastKnownFileType = sourcecode.c.objc; path = RightViewController.m; sourceTree = "<group>"; };
		AEEFD2A51FCA881D005DCF68 /* RightViewController.h */ = {isa = PBXFileReference; fileEncoding = 4; lastKnownFileType = sourcecode.c.h; path = RightViewController.h; sourceTree = "<group>"; };
		AEEFD2A61FCA881D005DCF68 /* LeftMenuController.h */ = {isa = PBXFileReference; fileEncoding = 4; lastKnownFileType = sourcecode.c.h; path = LeftMenuController.h; sourceTree = "<group>"; };
/* End PBXFileReference section */

/* Begin PBXFrameworksBuildPhase section */
		AEEFD2601FC9CC24005DCF68 /* Frameworks */ = {
			isa = PBXFrameworksBuildPhase;
			buildActionMask = 2147483647;
			files = (
			);
			runOnlyForDeploymentPostprocessing = 0;
		};
/* End PBXFrameworksBuildPhase section */

/* Begin PBXGroup section */
		AE4C80641FD0568F0098C159 /* DAPagesContainer */ = {
			isa = PBXGroup;
			children = (
				AE4C80661FD056A00098C159 /* DAPageIndicatorView.h */,
				AE4C80671FD056A00098C159 /* DAPageIndicatorView.m */,
				AE4C80651FD056A00098C159 /* DAPagesContainer.h */,
				AE4C80691FD056A00098C159 /* DAPagesContainer.m */,
				AE4C806A1FD056A00098C159 /* DAPagesContainerTopBar.h */,
				AE4C80681FD056A00098C159 /* DAPagesContainerTopBar.m */,
			);
			path = DAPagesContainer;
			sourceTree = "<group>";
		};
		AE4C806E1FD05D480098C159 /* SharedConstants */ = {
			isa = PBXGroup;
			children = (
				AE4C806F1FD05D6D0098C159 /* UI_Constants.h */,
			);
			path = SharedConstants;
			sourceTree = "<group>";
		};
		AEEFD25A1FC9CC24005DCF68 = {
			isa = PBXGroup;
			children = (
				AEEFD2651FC9CC24005DCF68 /* STGeneralAppTemplate */,
				AEEFD2641FC9CC24005DCF68 /* Products */,
			);
			sourceTree = "<group>";
		};
		AEEFD2641FC9CC24005DCF68 /* Products */ = {
			isa = PBXGroup;
			children = (
				AEEFD2631FC9CC24005DCF68 /* STGeneralAppTemplate.app */,
			);
			name = Products;
			sourceTree = "<group>";
		};
		AEEFD2651FC9CC24005DCF68 /* STGeneralAppTemplate */ = {
			isa = PBXGroup;
			children = (
				AE4C806E1FD05D480098C159 /* SharedConstants */,
				AEEFD2A21FCA87F3005DCF68 /* Controllers */,
				AEEFD29A1FCA8426005DCF68 /* ThirdLibs */,
				AEEFD2661FC9CC24005DCF68 /* AppDelegate.h */,
				AEEFD2671FC9CC24005DCF68 /* AppDelegate.m */,
				AEEFD2691FC9CC24005DCF68 /* MainViewController.h */,
				AEEFD26A1FC9CC24005DCF68 /* MainViewController.m */,
				AEEFD26C1FC9CC24005DCF68 /* Main.storyboard */,
				AEEFD26F1FC9CC24005DCF68 /* Assets.xcassets */,
				AEEFD2711FC9CC24005DCF68 /* LaunchScreen.storyboard */,
				AEEFD2741FC9CC24005DCF68 /* Info.plist */,
				AEEFD2751FC9CC24005DCF68 /* main.m */,
				AEEFD27C1FC9D094005DCF68 /* SecondViewController.h */,
				AEEFD27D1FC9D094005DCF68 /* SecondViewController.m */,
				AEEFD27E1FC9D094005DCF68 /* SecondViewController.xib */,
			);
			path = STGeneralAppTemplate;
			sourceTree = "<group>";
		};
		AEEFD29A1FCA8426005DCF68 /* ThirdLibs */ = {
			isa = PBXGroup;
			children = (
				AE4C80641FD0568F0098C159 /* DAPagesContainer */,
				AEEFD2A11FCA847F005DCF68 /* XLSlideMenu */,
			);
			path = ThirdLibs;
			sourceTree = "<group>";
		};
		AEEFD2A11FCA847F005DCF68 /* XLSlideMenu */ = {
			isa = PBXGroup;
			children = (
				AEEFD29B1FCA8453005DCF68 /* UIViewController+XLSlideMenu.h */,
				AEEFD29C1FCA8453005DCF68 /* UIViewController+XLSlideMenu.m */,
				AEEFD29D1FCA8453005DCF68 /* XLSlideMenu.h */,
				AEEFD29E1FCA8453005DCF68 /* XLSlideMenu.m */,
			);
			path = XLSlideMenu;
			sourceTree = "<group>";
		};
		AEEFD2A21FCA87F3005DCF68 /* Controllers */ = {
			isa = PBXGroup;
			children = (
				AEEFD2A51FCA881D005DCF68 /* RightViewController.h */,
				AEEFD2A41FCA881D005DCF68 /* RightViewController.m */,
				AEEFD2A61FCA881D005DCF68 /* LeftMenuController.h */,
				AEEFD2A31FCA881D005DCF68 /* LeftMenuController.m */,
			);
			path = Controllers;
			sourceTree = "<group>";
		};
/* End PBXGroup section */

/* Begin PBXNativeTarget section */
		AEEFD2621FC9CC24005DCF68 /* STGeneralAppTemplate */ = {
			isa = PBXNativeTarget;
			buildConfigurationList = AEEFD2791FC9CC24005DCF68 /* Build configuration list for PBXNativeTarget "STGeneralAppTemplate" */;
			buildPhases = (
				AEEFD25F1FC9CC24005DCF68 /* Sources */,
				AEEFD2601FC9CC24005DCF68 /* Frameworks */,
				AEEFD2611FC9CC24005DCF68 /* Resources */,
			);
			buildRules = (
			);
			dependencies = (
			);
			name = STGeneralAppTemplate;
			productName = STGeneralAppTemplate;
			productReference = AEEFD2631FC9CC24005DCF68 /* STGeneralAppTemplate.app */;
			productType = "com.apple.product-type.application";
		};
/* End PBXNativeTarget section */

/* Begin PBXProject section */
		AEEFD25B1FC9CC24005DCF68 /* Project object */ = {
			isa = PBXProject;
			attributes = {
				LastUpgradeCheck = 0920;
				ORGANIZATIONNAME = "Liao Jiue-Ren";
				TargetAttributes = {
					AEEFD2621FC9CC24005DCF68 = {
						CreatedOnToolsVersion = 9.2;
						ProvisioningStyle = Automatic;
					};
				};
			};
			buildConfigurationList = AEEFD25E1FC9CC24005DCF68 /* Build configuration list for PBXProject "STGeneralAppTemplate" */;
			compatibilityVersion = "Xcode 8.0";
			developmentRegion = en;
			hasScannedForEncodings = 0;
			knownRegions = (
				en,
				Base,
			);
			mainGroup = AEEFD25A1FC9CC24005DCF68;
			productRefGroup = AEEFD2641FC9CC24005DCF68 /* Products */;
			projectDirPath = "";
			projectRoot = "";
			targets = (
				AEEFD2621FC9CC24005DCF68 /* STGeneralAppTemplate */,
			);
		};
/* End PBXProject section */

/* Begin PBXResourcesBuildPhase section */
		AEEFD2611FC9CC24005DCF68 /* Resources */ = {
			isa = PBXResourcesBuildPhase;
			buildActionMask = 2147483647;
			files = (
				AEEFD2801FC9D094005DCF68 /* SecondViewController.xib in Resources */,
				AEEFD2731FC9CC24005DCF68 /* LaunchScreen.storyboard in Resources */,
				AEEFD2701FC9CC24005DCF68 /* Assets.xcassets in Resources */,
				AEEFD26E1FC9CC24005DCF68 /* Main.storyboard in Resources */,
			);
			runOnlyForDeploymentPostprocessing = 0;
		};
/* End PBXResourcesBuildPhase section */

/* Begin PBXSourcesBuildPhase section */
		AEEFD25F1FC9CC24005DCF68 /* Sources */ = {
			isa = PBXSourcesBuildPhase;
			buildActionMask = 2147483647;
			files = (
				AE4C806B1FD056A00098C159 /* DAPageIndicatorView.m in Sources */,
				AE4C806D1FD056A00098C159 /* DAPagesContainer.m in Sources */,
				AEEFD2A71FCA881D005DCF68 /* LeftMenuController.m in Sources */,
				AEEFD2A81FCA881D005DCF68 /* RightViewController.m in Sources */,
				AEEFD27F1FC9D094005DCF68 /* SecondViewController.m in Sources */,
				AEEFD26B1FC9CC24005DCF68 /* MainViewController.m in Sources */,
				AEEFD2761FC9CC24005DCF68 /* main.m in Sources */,
				AEEFD2681FC9CC24005DCF68 /* AppDelegate.m in Sources */,
				AE4C806C1FD056A00098C159 /* DAPagesContainerTopBar.m in Sources */,
				AEEFD2A01FCA8453005DCF68 /* XLSlideMenu.m in Sources */,
				AEEFD29F1FCA8453005DCF68 /* UIViewController+XLSlideMenu.m in Sources */,
			);
			runOnlyForDeploymentPostprocessing = 0;
		};
/* End PBXSourcesBuildPhase section */

/* Begin PBXVariantGroup section */
		AEEFD26C1FC9CC24005DCF68 /* Main.storyboard */ = {
			isa = PBXVariantGroup;
			children = (
				AEEFD26D1FC9CC24005DCF68 /* Base */,
			);
			name = Main.storyboard;
			sourceTree = "<group>";
		};
		AEEFD2711FC9CC24005DCF68 /* LaunchScreen.storyboard */ = {
			isa = PBXVariantGroup;
			children = (
				AEEFD2721FC9CC24005DCF68 /* Base */,
			);
			name = LaunchScreen.storyboard;
			sourceTree = "<group>";
		};
/* End PBXVariantGroup section */

/* Begin XCBuildConfiguration section */
		AEEFD2771FC9CC24005DCF68 /* Debug */ = {
			isa = XCBuildConfiguration;
			buildSettings = {
				ALWAYS_SEARCH_USER_PATHS = NO;
				CLANG_ANALYZER_NONNULL = YES;
				CLANG_ANALYZER_NUMBER_OBJECT_CONVERSION = YES_AGGRESSIVE;
				CLANG_CXX_LANGUAGE_STANDARD = "gnu++14";
				CLANG_CXX_LIBRARY = "libc++";
				CLANG_ENABLE_MODULES = YES;
				CLANG_ENABLE_OBJC_ARC = YES;
				CLANG_WARN_BLOCK_CAPTURE_AUTORELEASING = YES;
				CLANG_WARN_BOOL_CONVERSION = YES;
				CLANG_WARN_COMMA = YES;
				CLANG_WARN_CONSTANT_CONVERSION = YES;
				CLANG_WARN_DIRECT_OBJC_ISA_USAGE = YES_ERROR;
				CLANG_WARN_DOCUMENTATION_COMMENTS = YES;
				CLANG_WARN_EMPTY_BODY = YES;
				CLANG_WARN_ENUM_CONVERSION = YES;
				CLANG_WARN_INFINITE_RECURSION = YES;
				CLANG_WARN_INT_CONVERSION = YES;
				CLANG_WARN_NON_LITERAL_NULL_CONVERSION = YES;
				CLANG_WARN_OBJC_LITERAL_CONVERSION = YES;
				CLANG_WARN_OBJC_ROOT_CLASS = YES_ERROR;
				CLANG_WARN_RANGE_LOOP_ANALYSIS = YES;
				CLANG_WARN_STRICT_PROTOTYPES = YES;
				CLANG_WARN_SUSPICIOUS_MOVE = YES;
				CLANG_WARN_UNGUARDED_AVAILABILITY = YES_AGGRESSIVE;
				CLANG_WARN_UNREACHABLE_CODE = YES;
				CLANG_WARN__DUPLICATE_METHOD_MATCH = YES;
				CODE_SIGN_IDENTITY = "iPhone Developer";
				COPY_PHASE_STRIP = NO;
				DEBUG_INFORMATION_FORMAT = dwarf;
				ENABLE_STRICT_OBJC_MSGSEND = YES;
				ENABLE_TESTABILITY = YES;
				GCC_C_LANGUAGE_STANDARD = gnu11;
				GCC_DYNAMIC_NO_PIC = NO;
				GCC_NO_COMMON_BLOCKS = YES;
				GCC_OPTIMIZATION_LEVEL = 0;
				GCC_PREPROCESSOR_DEFINITIONS = (
					"DEBUG=1",
					"$(inherited)",
				);
				GCC_WARN_64_TO_32_BIT_CONVERSION = YES;
				GCC_WARN_ABOUT_RETURN_TYPE = YES_ERROR;
				GCC_WARN_UNDECLARED_SELECTOR = YES;
				GCC_WARN_UNINITIALIZED_AUTOS = YES_AGGRESSIVE;
				GCC_WARN_UNUSED_FUNCTION = YES;
				GCC_WARN_UNUSED_VARIABLE = YES;
				IPHONEOS_DEPLOYMENT_TARGET = 11.2;
				MTL_ENABLE_DEBUG_INFO = YES;
				ONLY_ACTIVE_ARCH = YES;
				SDKROOT = iphoneos;
			};
			name = Debug;
		};
		AEEFD2781FC9CC24005DCF68 /* Release */ = {
			isa = XCBuildConfiguration;
			buildSettings = {
				ALWAYS_SEARCH_USER_PATHS = NO;
				CLANG_ANALYZER_NONNULL = YES;
				CLANG_ANALYZER_NUMBER_OBJECT_CONVERSION = YES_AGGRESSIVE;
				CLANG_CXX_LANGUAGE_STANDARD = "gnu++14";
				CLANG_CXX_LIBRARY = "libc++";
				CLANG_ENABLE_MODULES = YES;
				CLANG_ENABLE_OBJC_ARC = YES;
				CLANG_WARN_BLOCK_CAPTURE_AUTORELEASING = YES;
				CLANG_WARN_BOOL_CONVERSION = YES;
				CLANG_WARN_COMMA = YES;
				CLANG_WARN_CONSTANT_CONVERSION = YES;
				CLANG_WARN_DIRECT_OBJC_ISA_USAGE = YES_ERROR;
				CLANG_WARN_DOCUMENTATION_COMMENTS = YES;
				CLANG_WARN_EMPTY_BODY = YES;
				CLANG_WARN_ENUM_CONVERSION = YES;
				CLANG_WARN_INFINITE_RECURSION = YES;
				CLANG_WARN_INT_CONVERSION = YES;
				CLANG_WARN_NON_LITERAL_NULL_CONVERSION = YES;
				CLANG_WARN_OBJC_LITERAL_CONVERSION = YES;
				CLANG_WARN_OBJC_ROOT_CLASS = YES_ERROR;
				CLANG_WARN_RANGE_LOOP_ANALYSIS = YES;
				CLANG_WARN_STRICT_PROTOTYPES = YES;
				CLANG_WARN_SUSPICIOUS_MOVE = YES;
				CLANG_WARN_UNGUARDED_AVAILABILITY = YES_AGGRESSIVE;
				CLANG_WARN_UNREACHABLE_CODE = YES;
				CLANG_WARN__DUPLICATE_METHOD_MATCH = YES;
				CODE_SIGN_IDENTITY = "iPhone Developer";
				COPY_PHASE_STRIP = NO;
				DEBUG_INFORMATION_FORMAT = "dwarf-with-dsym";
				ENABLE_NS_ASSERTIONS = NO;
				ENABLE_STRICT_OBJC_MSGSEND = YES;
				GCC_C_LANGUAGE_STANDARD = gnu11;
				GCC_NO_COMMON_BLOCKS = YES;
				GCC_WARN_64_TO_32_BIT_CONVERSION = YES;
				GCC_WARN_ABOUT_RETURN_TYPE = YES_ERROR;
				GCC_WARN_UNDECLARED_SELECTOR = YES;
				GCC_WARN_UNINITIALIZED_AUTOS = YES_AGGRESSIVE;
				GCC_WARN_UNUSED_FUNCTION = YES;
				GCC_WARN_UNUSED_VARIABLE = YES;
				IPHONEOS_DEPLOYMENT_TARGET = 11.2;
				MTL_ENABLE_DEBUG_INFO = NO;
				SDKROOT = iphoneos;
				VALIDATE_PRODUCT = YES;
			};
			name = Release;
		};
		AEEFD27A1FC9CC24005DCF68 /* Debug */ = {
			isa = XCBuildConfiguration;
			buildSettings = {
				ASSETCATALOG_COMPILER_APPICON_NAME = AppIcon;
				CODE_SIGN_STYLE = Automatic;
				DEVELOPMENT_TEAM = YWN5QU968T;
				INFOPLIST_FILE = STGeneralAppTemplate/Info.plist;
				LD_RUNPATH_SEARCH_PATHS = "$(inherited) @executable_path/Frameworks";
				PRODUCT_BUNDLE_IDENTIFIER = Swetech.STGeneralAppTemplate;
				PRODUCT_NAME = "$(TARGET_NAME)";
				TARGETED_DEVICE_FAMILY = "1,2";
			};
			name = Debug;
		};
		AEEFD27B1FC9CC24005DCF68 /* Release */ = {
			isa = XCBuildConfiguration;
			buildSettings = {
				ASSETCATALOG_COMPILER_APPICON_NAME = AppIcon;
				CODE_SIGN_STYLE = Automatic;
				DEVELOPMENT_TEAM = YWN5QU968T;
				INFOPLIST_FILE = STGeneralAppTemplate/Info.plist;
				LD_RUNPATH_SEARCH_PATHS = "$(inherited) @executable_path/Frameworks";
				PRODUCT_BUNDLE_IDENTIFIER = Swetech.STGeneralAppTemplate;
				PRODUCT_NAME = "$(TARGET_NAME)";
				TARGETED_DEVICE_FAMILY = "1,2";
			};
			name = Release;
		};
/* End XCBuildConfiguration section */

/* Begin XCConfigurationList section */
		AEEFD25E1FC9CC24005DCF68 /* Build configuration list for PBXProject "STGeneralAppTemplate" */ = {
			isa = XCConfigurationList;
			buildConfigurations = (
				AEEFD2771FC9CC24005DCF68 /* Debug */,
				AEEFD2781FC9CC24005DCF68 /* Release */,
			);
			defaultConfigurationIsVisible = 0;
			defaultConfigurationName = Release;
		};
		AEEFD2791FC9CC24005DCF68 /* Build configuration list for PBXNativeTarget "STGeneralAppTemplate" */ = {
			isa = XCConfigurationList;
			buildConfigurations = (
				AEEFD27A1FC9CC24005DCF68 /* Debug */,
				AEEFD27B1FC9CC24005DCF68 /* Release */,
			);
			defaultConfigurationIsVisible = 0;
			defaultConfigurationName = Release;
		};
/* End XCConfigurationList section */
	};
	rootObject = AEEFD25B1FC9CC24005DCF68 /* Project object */;
}
